
Microsoft Visual Studio Solution File, Format Version 12.00
# Visual Studio Version 16
VisualStudioVersion = 16.0.29728.190
MinimumVisualStudioVersion = 10.0.40219.1
Project("{F184B08F-C81C-45F6-A57F-5ABD9991F28F}") = "TheSkyXController1", "TheSkyXController1.vbproj", "{7D68CFF9-5D09-43E5-A475-694B19E19E00}"
EndProject
Global
	GlobalSection(SolutionConfigurationPlatforms) = preSolution
		Debug|Any CPU = Debug|Any CPU
		Release|Any CPU = Release|Any CPU
	EndGlobalSection
	GlobalSection(ProjectConfigurationPlatforms) = postSolution
		{7D68CFF9-5D09-43E5-A475-694B19E19E00}.Debug|Any CPU.ActiveCfg = Debug|Any CPU
		{7D68CFF9-5D09-43E5-A475-694B19E19E00}.Debug|Any CPU.Build.0 = Debug|Any CPU
		{7D68CFF9-5D09-43E5-A475-694B19E19E00}.Release|Any CPU.ActiveCfg = Release|Any CPU
		{7D68CFF9-5D09-43E5-A475-694B19E19E00}.Release|Any CPU.Build.0 = Release|Any CPU
	EndGlobalSection
	GlobalSection(SolutionProperties) = preSolution
		HideSolutionNode = FALSE
	EndGlobalSection
	GlobalSection(ExtensibilityGlobals) = postSolution
		SolutionGuid = {BBBD7FA7-1E15-4A3F-A444-84F56C746B38}
	EndGlobalSection
EndGlobal
